
Microsoft Visual Studio Solution File, Format Version 11.00
# Visual Studio 2010
Project("{FAE04EC0-301F-11D3-BF4B-00C04F79EFBC}") = "RR_FUCounter", "FUCounter_App\RR_FUCounter.csproj", "{0C4B47A9-3F61-4B63-9B28-26EB079BC110}"
EndProject
Global
	GlobalSection(SolutionConfigurationPlatforms) = preSolution
		Debug|iPhoneSimulator = Debug|iPhoneSimulator
		Release|iPhoneSimulator = Release|iPhoneSimulator
		Debug|iPhone = Debug|iPhone
		Release|iPhone = Release|iPhone
		Ad-Hoc|iPhone = Ad-Hoc|iPhone
		AppStore|iPhone = AppStore|iPhone
	EndGlobalSection
	GlobalSection(ProjectConfigurationPlatforms) = postSolution
		{0C4B47A9-3F61-4B63-9B28-26EB079BC110}.Ad-Hoc|iPhone.ActiveCfg = Ad-Hoc|iPhone
		{0C4B47A9-3F61-4B63-9B28-26EB079BC110}.Ad-Hoc|iPhone.Build.0 = Ad-Hoc|iPhone
		{0C4B47A9-3F61-4B63-9B28-26EB079BC110}.AppStore|iPhone.ActiveCfg = AppStore|iPhone
		{0C4B47A9-3F61-4B63-9B28-26EB079BC110}.AppStore|iPhone.Build.0 = AppStore|iPhone
		{0C4B47A9-3F61-4B63-9B28-26EB079BC110}.Debug|iPhone.ActiveCfg = Debug|iPhone
		{0C4B47A9-3F61-4B63-9B28-26EB079BC110}.Debug|iPhone.Build.0 = Debug|iPhone
		{0C4B47A9-3F61-4B63-9B28-26EB079BC110}.Debug|iPhoneSimulator.ActiveCfg = Debug|iPhoneSimulator
		{0C4B47A9-3F61-4B63-9B28-26EB079BC110}.Debug|iPhoneSimulator.Build.0 = Debug|iPhoneSimulator
		{0C4B47A9-3F61-4B63-9B28-26EB079BC110}.Release|iPhone.ActiveCfg = Release|iPhone
		{0C4B47A9-3F61-4B63-9B28-26EB079BC110}.Release|iPhone.Build.0 = Release|iPhone
		{0C4B47A9-3F61-4B63-9B28-26EB079BC110}.Release|iPhoneSimulator.ActiveCfg = Release|iPhoneSimulator
		{0C4B47A9-3F61-4B63-9B28-26EB079BC110}.Release|iPhoneSimulator.Build.0 = Release|iPhoneSimulator
	EndGlobalSection
	GlobalSection(MonoDevelopProperties) = preSolution
		StartupItem = FUCounter_App\RR_FUCounter.csproj
	EndGlobalSection
EndGlobal
